
Microsoft Visual Studio Solution File, Format Version 12.00
# Visual Studio 15
VisualStudioVersion = 15.0.27130.2010
MinimumVisualStudioVersion = 10.0.40219.1
Project("{FAE04EC0-301F-11D3-BF4B-00C04F79EFBC}") = "WebApplication1", "WebApplication1\WebApplication1.csproj", "{9BFACF67-D377-4126-9492-FFA982E62614}"
EndProject
Global
	GlobalSection(SolutionConfigurationPlatforms) = preSolution
		Debug|Any CPU = Debug|Any CPU
		Release|Any CPU = Release|Any CPU
	EndGlobalSection
	GlobalSection(ProjectConfigurationPlatforms) = postSolution
		{9BFACF67-D377-4126-9492-FFA982E62614}.Debug|Any CPU.ActiveCfg = Debug|Any CPU
		{9BFACF67-D377-4126-9492-FFA982E62614}.Debug|Any CPU.Build.0 = Debug|Any CPU
		{9BFACF67-D377-4126-9492-FFA982E62614}.Release|Any CPU.ActiveCfg = Release|Any CPU
		{9BFACF67-D377-4126-9492-FFA982E62614}.Release|Any CPU.Build.0 = Release|Any CPU
	EndGlobalSection
	GlobalSection(SolutionProperties) = preSolution
		HideSolutionNode = FALSE
	EndGlobalSection
	GlobalSection(ExtensibilityGlobals) = postSolution
		SolutionGuid = {532CB3F8-9064-46ED-AB85-294EA79C49BC}
	EndGlobalSection
EndGlobal
